github.com/galaco/bitbuf v0.0.0-20181114213158-4a631295de82/go.mod h1:3bfABzFKOBjqc65R3yDEqDm09NVE+VJwnT2wBNOt2jg=
github.com/galaco/bitbuf v1.1.0 h1:J2OM7aZhhg32IrfXuUUzFuTOCtu/4dG0brnBp2SDffM=
github.com/galaco/bitbuf v1.1.0/go.mod h1:3bfABzFKOBjqc65R3yDEqDm09NVE+VJwnT2wBNOt2jg=
github.com/galaco/source-tools-common v0.0.0-20181114203108-b70b8e75c546/go.mod h1:vcKoSJ6VLGuLDPp2ptTTb1J7D51w5+t02EqlNtwMDLI=
github.com/golang-source-engine/checksum v0.0.0-20190915073818-945650b37059 h1:NgPCo5aLj8E1KGIXh0k3SpAijKeN5ZO+ZHnqc39BK/s=
github.com/golang-source-engine/checksum v0.0.0-20190915073818-945650b37059/go.mod h1:BB63xHbus7qLYwXLGX5UH5BwH44IzFGQwxakr/8sLjg=
github.com/golang-source-engine/steamworks v0.0.0-20190915073132-aac45353008d h1:JJw4qPiObNufHSpxTb+p0lLxxO7qdMjk1eA4g9oXReY=
github.com/golang-source-engine/steamworks v0.0.0-20190915073132-aac45353008d/go.mod h1:lXRsKxFfmB9Han0SSeiNOQkboFHsuXgs1ylco1/Yd4I=
